
Microsoft Visual Studio Solution File, Format Version 12.00
# Visual Studio Version 16
VisualStudioVersion = 16.0.30626.31
MinimumVisualStudioVersion = 10.0.40219.1
Project("{FAE04EC0-301F-11D3-BF4B-00C04F79EFBC}") = "SevOmatic.Terminal", "SevOmatic\SevOmatic.Terminal.csproj", "{179C76BB-2838-41D1-8709-EBCB3A44DDEA}"
EndProject
Project("{FAE04EC0-301F-11D3-BF4B-00C04F79EFBC}") = "SevOmatic.Core", "SevOmatic.Core\SevOmatic.Core.csproj", "{ADB0A966-2381-4384-94A7-EA98181AE71A}"
EndProject
Global
	GlobalSection(SolutionConfigurationPlatforms) = preSolution
		Debug|Any CPU = Debug|Any CPU
		Release|Any CPU = Release|Any CPU
	EndGlobalSection
	GlobalSection(ProjectConfigurationPlatforms) = postSolution
		{179C76BB-2838-41D1-8709-EBCB3A44DDEA}.Debug|Any CPU.ActiveCfg = Debug|Any CPU
		{179C76BB-2838-41D1-8709-EBCB3A44DDEA}.Debug|Any CPU.Build.0 = Debug|Any CPU
		{179C76BB-2838-41D1-8709-EBCB3A44DDEA}.Release|Any CPU.ActiveCfg = Release|Any CPU
		{179C76BB-2838-41D1-8709-EBCB3A44DDEA}.Release|Any CPU.Build.0 = Release|Any CPU
		{ADB0A966-2381-4384-94A7-EA98181AE71A}.Debug|Any CPU.ActiveCfg = Debug|Any CPU
		{ADB0A966-2381-4384-94A7-EA98181AE71A}.Debug|Any CPU.Build.0 = Debug|Any CPU
		{ADB0A966-2381-4384-94A7-EA98181AE71A}.Release|Any CPU.ActiveCfg = Release|Any CPU
		{ADB0A966-2381-4384-94A7-EA98181AE71A}.Release|Any CPU.Build.0 = Release|Any CPU
	EndGlobalSection
	GlobalSection(SolutionProperties) = preSolution
		HideSolutionNode = FALSE
	EndGlobalSection
	GlobalSection(ExtensibilityGlobals) = postSolution
		SolutionGuid = {2EFFD3DF-73B1-441C-9CF1-2123E716C78A}
	EndGlobalSection
EndGlobal
